{
	"name": "@customrealms/cli",
	"version": "2.0.0",
	"lockfileVersion": 3,
	"requires": true,
	"packages": {
		"": {
			"name": "@customrealms/cli",
			"version": "2.0.0",
			"license": "MIT",
			"devDependencies": {
				"@goreleaser/goreleaser": "^2.17.0"
			}
		},
		"node_modules/@goreleaser/goreleaser": {
			"version": "2.17.0",
			"resolved": "https://registry.npmjs.org/@goreleaser/goreleaser/-/goreleaser-2.17.0.tgz",
			"integrity": "sha512-r7q+oNK5Quv+xIpYJkhSnhkOhbE7OT/M2bKBBXPJyd0aDV1s+nBj8DukI7MIcnk16+/bT6alpqY9dAKgujEFkA==",
			"dev": true,
			"hasInstallScript": true,
			"license": "MIT",
			"dependencies": {
				"jszip": "3.10.1",
				"proxy-agent": "8.0.2",
				"tar": "7.5.19"
			},
			"bin": {
				"goreleaser": "run-goreleaser.js"
			}
		},
		"node_modules/@isaacs/fs-minipass": {
			"version": "4.0.1",
			"resolved": "https://registry.npmjs.org/@isaacs/fs-minipass/-/fs-minipass-4.0.1.tgz",
			"integrity": "sha512-wgm9Ehl2jpeqP3zw/7mo3kRHFp5MEDhqAdwy1fTGkHAwnkGOVsgpvQhL8B5n1qlb01jV3n/bI0ZfZp5lWA1k4w==",
			"dev": true,
			"license": "ISC",
			"dependencies": {
				"minipass": "^7.0.4"
			},
			"engines": {
				"node": ">=18.0.0"
			}
		},
		"node_modules/agent-base": {
			"version": "9.0.0",
			"resolved": "https://registry.npmjs.org/agent-base/-/agent-base-9.0.0.tgz",
			"integrity": "sha512-TQf59BsZnytt8GdJKLPfUZ54g/iaUL2OWDSFCCvMOhsHduDQxO8xC4PNeyIkVcA5KwL2phPSv0douC0fgWzmnA==",
			"dev": true,
			"license": "MIT",
			"engines": {
				"node": ">= 20"
			}
		},
		"node_modules/ast-types": {
			"version": "0.13.4",
			"resolved": "https://registry.npmjs.org/ast-types/-/ast-types-0.13.4.tgz",
			"integrity": "sha512-x1FCFnFifvYDDzTaLII71vG5uvDwgtmDTEVWAxrgeiR8VjMONcCXJx7E+USjDtHlwFmt9MysbqgF9b9Vjr6w+w==",
			"dev": true,
			"license": "MIT",
			"dependencies": {
				"tslib": "^2.0.1"
			},
			"engines": {
				"node": ">=4"
			}
		},
		"node_modules/basic-ftp": {
			"version": "5.3.1",
			"resolved": "https://registry.npmjs.org/basic-ftp/-/basic-ftp-5.3.1.tgz",
			"integrity": "sha512-bopVNp6ugyA150DDuZfPFdt1KZ5a94ZDiwX4hMgZDzF+GttD80lEy8kj98kbyhLXnPvhtIo93mdnLIjpCAeeOw==",
			"dev": true,
			"license": "MIT",
			"engines": {
				"node": ">=10.0.0"
			}
		},
		"node_modules/chownr": {
			"version": "3.0.0",
			"resolved": "https://registry.npmjs.org/chownr/-/chownr-3.0.0.tgz",
			"integrity": "sha512-+IxzY9BZOQd/XuYPRmrvEVjF/nqj5kgT4kEq7VofrDoM1MxoRjEWkrCC3EtLi59TVawxTAn+orJwFQcrqEN1+g==",
			"dev": true,
			"license": "BlueOak-1.0.0",
			"engines": {
				"node": ">=18"
			}
		},
		"node_modules/core-util-is": {
			"version": "1.0.3",
			"resolved": "https://registry.npmjs.org/core-util-is/-/core-util-is-1.0.3.tgz",
			"integrity": "sha512-ZQBvi1DcpJ4GDqanjucZ2Hj3wEO5pZDS89BWbkcrvdxksJorwUDDZamX9ldFkp9aw2lmBDLgkObEA4DWNJ9FYQ==",
			"dev": true,
			"license": "MIT"
		},
		"node_modules/data-uri-to-buffer": {
			"version": "8.0.0",
			"resolved": "https://registry.npmjs.org/data-uri-to-buffer/-/data-uri-to-buffer-8.0.0.tgz",
			"integrity": "sha512-6UHfyCux51b8PTGDgveqtz1tvphBku5DrMKKJbFAZAJOI2zsjDpDoYE1+QGj7FOMS4BdTFNJsJiR3zEB0xH0yQ==",
			"dev": true,
			"license": "MIT",
			"engines": {
				"node": ">= 20"
			}
		},
		"node_modules/debug": {
			"version": "4.3.5",
			"resolved": "https://registry.npmjs.org/debug/-/debug-4.3.5.tgz",
			"integrity": "sha512-pt0bNEmneDIvdL1Xsd9oDQ/wrQRkXDT4AUWlNZNPKvW5x/jyO9VFXkJUP07vQ2upmw5PlaITaPKc31jK13V+jg==",
			"dev": true,
			"dependencies": {
				"ms": "2.1.2"
			},
			"engines": {
				"node": ">=6.0"
			},
			"peerDependenciesMeta": {
				"supports-color": {
					"optional": true
				}
			}
		},
		"node_modules/degenerator": {
			"version": "7.0.1",
			"resolved": "https://registry.npmjs.org/degenerator/-/degenerator-7.0.1.tgz",
			"integrity": "sha512-ABErK0IefDSyHjlPH7WUEenIAX2rPPnrDcDM+TS3z3+zu9TfyKKi07BQM+8rmxpdE2y1v5fjjdoAS/x4D2U60w==",
			"dev": true,
			"license": "MIT",
			"dependencies": {
				"ast-types": "^0.13.4",
				"escodegen": "^2.1.0",
				"esprima": "^4.0.1"
			},
			"engines": {
				"node": ">= 20"
			},
			"peerDependencies": {
				"quickjs-wasi": "^2.2.0"
			}
		},
		"node_modules/escodegen": {
			"version": "2.1.0",
			"resolved": "https://registry.npmjs.org/escodegen/-/escodegen-2.1.0.tgz",
			"integrity": "sha512-2NlIDTwUWJN0mRPQOdtQBzbUHvdGY2P1VXSyU83Q3xKxM7WHX2Ql8dKq782Q9TgQUNOLEzEYu9bzLNj1q88I5w==",
			"dev": true,
			"license": "BSD-2-Clause",
			"dependencies": {
				"esprima": "^4.0.1",
				"estraverse": "^5.2.0",
				"esutils": "^2.0.2"
			},
			"bin": {
				"escodegen": "bin/escodegen.js",
				"esgenerate": "bin/esgenerate.js"
			},
			"engines": {
				"node": ">=6.0"
			},
			"optionalDependencies": {
				"source-map": "~0.6.1"
			}
		},
		"node_modules/escodegen/node_modules/estraverse": {
			"version": "5.3.0",
			"resolved": "https://registry.npmjs.org/estraverse/-/estraverse-5.3.0.tgz",
			"integrity": "sha512-MMdARuVEQziNTeJD8DgMqmhwR11BRQ/cBP+pLtYdSTnf3MIO8fFeiINEbX36ZdNlfU/7A9f3gUw49B3oQsvwBA==",
			"dev": true,
			"license": "BSD-2-Clause",
			"engines": {
				"node": ">=4.0"
			}
		},
		"node_modules/esprima": {
			"version": "4.0.1",
			"resolved": "https://registry.npmjs.org/esprima/-/esprima-4.0.1.tgz",
			"integrity": "sha512-eGuFFw7Upda+g4p+QHvnW0RyTX/SVeJBDM/gCtMARO0cLuT2HcEKnTPvhjV6aGeqrCB/sbNop0Kszm0jsaWU4A==",
			"dev": true,
			"license": "BSD-2-Clause",
			"bin": {
				"esparse": "bin/esparse.js",
				"esvalidate": "bin/esvalidate.js"
			},
			"engines": {
				"node": ">=4"
			}
		},
		"node_modules/esutils": {
			"version": "2.0.3",
			"resolved": "https://registry.npmjs.org/esutils/-/esutils-2.0.3.tgz",
			"integrity": "sha512-kVscqXk4OCp68SZ0dkgEKVi6/8ij300KBWTJq32P/dYeWTSwK41WyTxalN1eRmA5Z9UU/LX9D7FWSmV9SAYx6g==",
			"dev": true,
			"engines": {
				"node": ">=0.10.0"
			}
		},
		"node_modules/get-uri": {
			"version": "8.0.1",
			"resolved": "https://registry.npmjs.org/get-uri/-/get-uri-8.0.1.tgz",
			"integrity": "sha512-/5N/P4Lrh0p/mDwlDRi7Y1+P2o/OyzZI3l6Iz1Ov6XXwwm1y3RlZLuo3gVgML99djrEDtV980bBxSuOeHLk8ww==",
			"dev": true,
			"license": "MIT",
			"dependencies": {
				"basic-ftp": "^5.3.1",
				"data-uri-to-buffer": "8.0.0",
				"debug": "^4.3.4"
			},
			"engines": {
				"node": ">= 20"
			}
		},
		"node_modules/http-proxy-agent": {
			"version": "9.1.0",
			"resolved": "https://registry.npmjs.org/http-proxy-agent/-/http-proxy-agent-9.1.0.tgz",
			"integrity": "sha512-2NxoveTT58mjYT4n3RPTEfCZGLMbidoO8XEieXfpSYxu+PQJ1qpx4ypwH6N+uF9twBPIvRRgvkvW5HUTYWENig==",
			"dev": true,
			"license": "MIT",
			"dependencies": {
				"agent-base": "9.0.0",
				"debug": "^4.3.4",
				"proxy-agent-negotiate": "1.1.0"
			},
			"engines": {
				"node": ">= 20"
			}
		},
		"node_modules/https-proxy-agent": {
			"version": "9.1.0",
			"resolved": "https://registry.npmjs.org/https-proxy-agent/-/https-proxy-agent-9.1.0.tgz",
			"integrity": "sha512-ag87y7cJJ9/3+GxFr8Oy4O5faDsGRGnBGsJj/YjOSsSx/5eadKLYTMPlzuR6obgoCDDm0abAAZitXXQkMOPSpA==",
			"dev": true,
			"license": "MIT",
			"dependencies": {
				"agent-base": "9.0.0",
				"debug": "^4.3.4",
				"proxy-agent-negotiate": "1.1.0"
			},
			"engines": {
				"node": ">= 20"
			}
		},
		"node_modules/immediate": {
			"version": "3.0.6",
			"resolved": "https://registry.npmjs.org/immediate/-/immediate-3.0.6.tgz",
			"integrity": "sha512-XXOFtyqDjNDAQxVfYxuF7g9Il/IbWmmlQg2MYKOH8ExIT1qg6xc4zyS3HaEEATgs1btfzxq15ciUiY7gjSXRGQ==",
			"dev": true,
			"license": "MIT"
		},
		"node_modules/inherits": {
			"version": "2.0.4",
			"resolved": "https://registry.npmjs.org/inherits/-/inherits-2.0.4.tgz",
			"integrity": "sha512-k/vGaX4/Yla3WzyMCvTQOXYeIHvqOKtnqBduzTHpzpQZzAskKMhZ2K+EnBiSM9zGSoIFeMpXKxa4dYeZIQqewQ==",
			"dev": true,
			"license": "ISC"
		},
		"node_modules/ip-address": {
			"version": "10.2.0",
			"resolved": "https://registry.npmjs.org/ip-address/-/ip-address-10.2.0.tgz",
			"integrity": "sha512-/+S6j4E9AHvW9SWMSEY9Xfy66O5PWvVEJ08O0y5JGyEKQpojb0K0GKpz/v5HJ/G0vi3D2sjGK78119oXZeE0qA==",
			"dev": true,
			"license": "MIT",
			"engines": {
				"node": ">= 12"
			}
		},
		"node_modules/isarray": {
			"version": "1.0.0",
			"resolved": "https://registry.npmjs.org/isarray/-/isarray-1.0.0.tgz",
			"integrity": "sha512-VLghIWNM6ELQzo7zwmcg0NmTVyWKYjvIeM83yjp0wRDTmUnrM678fQbcKBo6n2CJEF0szoG//ytg+TKla89ALQ==",
			"dev": true,
			"license": "MIT"
		},
		"node_modules/jszip": {
			"version": "3.10.1",
			"resolved": "https://registry.npmjs.org/jszip/-/jszip-3.10.1.tgz",
			"integrity": "sha512-xXDvecyTpGLrqFrvkrUSoxxfJI5AH7U8zxxtVclpsUtMCq4JQ290LY8AW5c7Ggnr/Y/oK+bQMbqK2qmtk3pN4g==",
			"dev": true,
			"license": "(MIT OR GPL-3.0-or-later)",
			"dependencies": {
				"lie": "~3.3.0",
				"pako": "~1.0.2",
				"readable-stream": "~2.3.6",
				"setimmediate": "^1.0.5"
			}
		},
		"node_modules/lie": {
			"version": "3.3.0",
			"resolved": "https://registry.npmjs.org/lie/-/lie-3.3.0.tgz",
			"integrity": "sha512-UaiMJzeWRlEujzAuw5LokY1L5ecNQYZKfmyZ9L7wDHb/p5etKaxXhohBcrw0EYby+G/NA52vRSN4N39dxHAIwQ==",
			"dev": true,
			"license": "MIT",
			"dependencies": {
				"immediate": "~3.0.5"
			}
		},
		"node_modules/minipass": {
			"version": "7.1.3",
			"resolved": "https://registry.npmjs.org/minipass/-/minipass-7.1.3.tgz",
			"integrity": "sha512-tEBHqDnIoM/1rXME1zgka9g6Q2lcoCkxHLuc7ODJ5BxbP5d4c2Z5cGgtXAku59200Cx7diuHTOYfSBD8n6mm8A==",
			"dev": true,
			"license": "BlueOak-1.0.0",
			"engines": {
				"node": ">=16 || 14 >=14.17"
			}
		},
		"node_modules/minizlib": {
			"version": "3.1.0",
			"resolved": "https://registry.npmjs.org/minizlib/-/minizlib-3.1.0.tgz",
			"integrity": "sha512-KZxYo1BUkWD2TVFLr0MQoM8vUUigWD3LlD83a/75BqC+4qE0Hb1Vo5v1FgcfaNXvfXzr+5EhQ6ing/CaBijTlw==",
			"dev": true,
			"license": "MIT",
			"dependencies": {
				"minipass": "^7.1.2"
			},
			"engines": {
				"node": ">= 18"
			}
		},
		"node_modules/ms": {
			"version": "2.1.2",
			"resolved": "https://registry.npmjs.org/ms/-/ms-2.1.2.tgz",
			"integrity": "sha512-sGkPx+VjMtmA6MX27oA4FBFELFCZZ4S4XqeGOXCv68tT+jb3vk/RyaKWP0PTKyWtmLSM0b+adUTEvbs1PEaH2w==",
			"dev": true
		},
		"node_modules/netmask": {
			"version": "2.1.1",
			"resolved": "https://registry.npmjs.org/netmask/-/netmask-2.1.1.tgz",
			"integrity": "sha512-eonl3sLUha+S1GzTPxychyhnUzKyeQkZ7jLjKrBagJgPla13F+uQ71HgpFefyHgqrjEbCPkDArxYsjY8/+gLKA==",
			"dev": true,
			"license": "MIT",
			"engines": {
				"node": ">= 0.4.0"
			}
		},
		"node_modules/pac-proxy-agent": {
			"version": "9.1.0",
			"resolved": "https://registry.npmjs.org/pac-proxy-agent/-/pac-proxy-agent-9.1.0.tgz",
			"integrity": "sha512-1aU+1mpj3DrQPfo3gh+3Gap3G5x+axnMx1P/y0ZF2ch7kb2meyOCAH8K2k9d27ROsTE7TnAerzxqF9aon2jqnA==",
			"dev": true,
			"license": "MIT",
			"dependencies": {
				"agent-base": "9.0.0",
				"debug": "^4.3.4",
				"get-uri": "8.0.1",
				"http-proxy-agent": "9.1.0",
				"https-proxy-agent": "9.1.0",
				"pac-resolver": "9.0.1",
				"quickjs-wasi": "^2.2.0",
				"socks-proxy-agent": "10.1.0"
			},
			"engines": {
				"node": ">= 20"
			}
		},
		"node_modules/pac-resolver": {
			"version": "9.0.1",
			"resolved": "https://registry.npmjs.org/pac-resolver/-/pac-resolver-9.0.1.tgz",
			"integrity": "sha512-lJbS008tmkj08VhoM8Hzuv/VE5tK9MS0OIQ/7+s0lIF+BYhiQWFYzkSpML7lXs9iBu2jfmzBTLzhe9n6BX+dYw==",
			"dev": true,
			"license": "MIT",
			"dependencies": {
				"degenerator": "7.0.1",
				"netmask": "^2.0.2"
			},
			"engines": {
				"node": ">= 20"
			},
			"peerDependencies": {
				"quickjs-wasi": "^2.2.0"
			}
		},
		"node_modules/pako": {
			"version": "1.0.11",
			"resolved": "https://registry.npmjs.org/pako/-/pako-1.0.11.tgz",
			"integrity": "sha512-4hLB8Py4zZce5s4yd9XzopqwVv/yGNhV1Bl8NTmCq1763HeK2+EwVTv+leGeL13Dnh2wfbqowVPXCIO0z4taYw==",
			"dev": true,
			"license": "(MIT AND Zlib)"
		},
		"node_modules/process-nextick-args": {
			"version": "2.0.1",
			"resolved": "https://registry.npmjs.org/process-nextick-args/-/process-nextick-args-2.0.1.tgz",
			"integrity": "sha512-3ouUOpQhtgrbOa17J7+uxOTpITYWaGP7/AhoR3+A+/1e9skrzelGi/dXzEYyvbxubEF6Wn2ypscTKiKJFFn1ag==",
			"dev": true,
			"license": "MIT"
		},
		"node_modules/proxy-agent": {
			"version": "8.0.2",
			"resolved": "https://registry.npmjs.org/proxy-agent/-/proxy-agent-8.0.2.tgz",
			"integrity": "sha512-idLLRewuemWd7GH/BDJzGiB0dWGfT2SQs3jy6NtZtGWU9uPTTSdeC1/cdbqLwgzhfv027daGFuXX426e2Eg20A==",
			"dev": true,
			"license": "MIT",
			"dependencies": {
				"agent-base": "9.0.0",
				"debug": "^4.3.4",
				"http-proxy-agent": "9.1.0",
				"https-proxy-agent": "9.1.0",
				"lru-cache": "^7.14.1",
				"pac-proxy-agent": "9.1.0",
				"proxy-from-env": "^2.0.0",
				"socks-proxy-agent": "10.1.0"
			},
			"engines": {
				"node": ">= 20"
			}
		},
		"node_modules/proxy-agent-negotiate": {
			"version": "1.1.0",
			"resolved": "https://registry.npmjs.org/proxy-agent-negotiate/-/proxy-agent-negotiate-1.1.0.tgz",
			"integrity": "sha512-N8IBcM3UgCVzz2L2Lqv8DVntDnnC8/hiV4nEDUPkqq72TPUgYWjQc+bdZlBPZK9LzPAvOY//gAt0S0DApoOXWQ==",
			"dev": true,
			"license": "MIT",
			"engines": {
				"node": ">= 20"
			},
			"peerDependencies": {
				"kerberos": "^2.0.0"
			},
			"peerDependenciesMeta": {
				"kerberos": {
					"optional": true
				}
			}
		},
		"node_modules/proxy-agent/node_modules/lru-cache": {
			"version": "7.18.3",
			"resolved": "https://registry.npmjs.org/lru-cache/-/lru-cache-7.18.3.tgz",
			"integrity": "sha512-jumlc0BIUrS3qJGgIkWZsyfAM7NCWiBcCDhnd+3NNM5KbBmLTgHVfWBcg6W+rLUsIpzpERPsvwUP7CckAQSOoA==",
			"dev": true,
			"license": "ISC",
			"engines": {
				"node": ">=12"
			}
		},
		"node_modules/proxy-from-env": {
			"version": "2.1.0",
			"resolved": "https://registry.npmjs.org/proxy-from-env/-/proxy-from-env-2.1.0.tgz",
			"integrity": "sha512-cJ+oHTW1VAEa8cJslgmUZrc+sjRKgAKl3Zyse6+PV38hZe/V6Z14TbCuXcan9F9ghlz4QrFr2c92TNF82UkYHA==",
			"dev": true,
			"license": "MIT",
			"engines": {
				"node": ">=10"
			}
		},
		"node_modules/quickjs-wasi": {
			"version": "2.2.0",
			"resolved": "https://registry.npmjs.org/quickjs-wasi/-/quickjs-wasi-2.2.0.tgz",
			"integrity": "sha512-zQxXmQMrEoD3S+jQdYsloq4qAuaxKFHZj6hHqOYGwB2iQZH+q9e/lf5zQPXCKOk0WJuAjzRFbO4KwHIp2D05Iw==",
			"dev": true,
			"license": "MIT"
		},
		"node_modules/readable-stream": {
			"version": "2.3.8",
			"resolved": "https://registry.npmjs.org/readable-stream/-/readable-stream-2.3.8.tgz",
			"integrity": "sha512-8p0AUk4XODgIewSi0l8Epjs+EVnWiK7NoDIEGU0HhE7+ZyY8D1IMY7odu5lRrFXGg71L15KG8QrPmum45RTtdA==",
			"dev": true,
			"license": "MIT",
			"dependencies": {
				"core-util-is": "~1.0.0",
				"inherits": "~2.0.3",
				"isarray": "~1.0.0",
				"process-nextick-args": "~2.0.0",
				"safe-buffer": "~5.1.1",
				"string_decoder": "~1.1.1",
				"util-deprecate": "~1.0.1"
			}
		},
		"node_modules/readable-stream/node_modules/safe-buffer": {
			"version": "5.1.2",
			"resolved": "https://registry.npmjs.org/safe-buffer/-/safe-buffer-5.1.2.tgz",
			"integrity": "sha512-Gd2UZBJDkXlY7GbJxfsE8/nvKkUEU1G38c1siN6QP6a9PT9MmHB8GnpscSmMJSoF8LOIrt8ud/wPtojys4G6+g==",
			"dev": true,
			"license": "MIT"
		},
		"node_modules/setimmediate": {
			"version": "1.0.5",
			"resolved": "https://registry.npmjs.org/setimmediate/-/setimmediate-1.0.5.tgz",
			"integrity": "sha512-MATJdZp8sLqDl/68LfQmbP8zKPLQNV6BIZoIgrscFDQ+RsvK/BxeDQOgyxKKoh0y/8h3BqVFnCqQ/gd+reiIXA==",
			"dev": true,
			"license": "MIT"
		},
		"node_modules/smart-buffer": {
			"version": "4.2.0",
			"resolved": "https://registry.npmjs.org/smart-buffer/-/smart-buffer-4.2.0.tgz",
			"integrity": "sha512-94hK0Hh8rPqQl2xXc3HsaBoOXKV20MToPkcXvwbISWLEs+64sBq5kFgn2kJDHb1Pry9yrP0dxrCI9RRci7RXKg==",
			"dev": true,
			"license": "MIT",
			"engines": {
				"node": ">= 6.0.0",
				"npm": ">= 3.0.0"
			}
		},
		"node_modules/socks": {
			"version": "2.8.9",
			"resolved": "https://registry.npmjs.org/socks/-/socks-2.8.9.tgz",
			"integrity": "sha512-LJhUYUvItdQ0LkJTmPeaEObWXAqFyfmP85x0tch/ez9cahmhlBBLbIqDFnvBnUJGagb0JbIQrkBs1wJ+yRYpEw==",
			"dev": true,
			"license": "MIT",
			"dependencies": {
				"ip-address": "^10.1.1",
				"smart-buffer": "^4.2.0"
			},
			"engines": {
				"node": ">= 10.0.0",
				"npm": ">= 3.0.0"
			}
		},
		"node_modules/socks-proxy-agent": {
			"version": "10.1.0",
			"resolved": "https://registry.npmjs.org/socks-proxy-agent/-/socks-proxy-agent-10.1.0.tgz",
			"integrity": "sha512-WlMj/67cEJ6MDI1OcsnjuYKDNDoyPCCYZ249kuuXPiMDw9F8PXkVaQ7YWu3siTydfQ/4BEZcvGzu+aYvz7dDCQ==",
			"dev": true,
			"license": "MIT",
			"dependencies": {
				"agent-base": "9.0.0",
				"debug": "^4.3.4",
				"socks": "^2.8.3"
			},
			"engines": {
				"node": ">= 20"
			}
		},
		"node_modules/source-map": {
			"version": "0.6.1",
			"resolved": "https://registry.npmjs.org/source-map/-/source-map-0.6.1.tgz",
			"integrity": "sha512-UjgapumWlbMhkBgzT7Ykc5YXUT46F0iKu8SGXq0bcwP5dz/h0Plj6enJqjz1Zbq2l5WaqYnrVbwWOWMyF3F47g==",
			"dev": true,
			"optional": true,
			"engines": {
				"node": ">=0.10.0"
			}
		},
		"node_modules/string_decoder": {
			"version": "1.1.1",
			"resolved": "https://registry.npmjs.org/string_decoder/-/string_decoder-1.1.1.tgz",
			"integrity": "sha512-n/ShnvDi6FHbbVfviro+WojiFzv+s8MPMHBczVePfUpDJLwoLT0ht1l4YwBCbi8pJAveEEdnkHyPyTP/mzRfwg==",
			"dev": true,
			"license": "MIT",
			"dependencies": {
				"safe-buffer": "~5.1.0"
			}
		},
		"node_modules/string_decoder/node_modules/safe-buffer": {
			"version": "5.1.2",
			"resolved": "https://registry.npmjs.org/safe-buffer/-/safe-buffer-5.1.2.tgz",
			"integrity": "sha512-Gd2UZBJDkXlY7GbJxfsE8/nvKkUEU1G38c1siN6QP6a9PT9MmHB8GnpscSmMJSoF8LOIrt8ud/wPtojys4G6+g==",
			"dev": true,
			"license": "MIT"
		},
		"node_modules/tar": {
			"version": "7.5.19",
			"resolved": "https://registry.npmjs.org/tar/-/tar-7.5.19.tgz",
			"integrity": "sha512-4LeEWl96twnS2Q7Bz4MGqgazLqO+hJN63GZxXoIqh1T3VweYD997gbU1ItNsQafqqXTXd5WFyFdReLtwvRBNiw==",
			"dev": true,
			"license": "BlueOak-1.0.0",
			"dependencies": {
				"@isaacs/fs-minipass": "^4.0.0",
				"chownr": "^3.0.0",
				"minipass": "^7.1.2",
				"minizlib": "^3.1.0",
				"yallist": "^5.0.0"
			},
			"engines": {
				"node": ">=18"
			}
		},
		"node_modules/tar/node_modules/yallist": {
			"version": "5.0.0",
			"resolved": "https://registry.npmjs.org/yallist/-/yallist-5.0.0.tgz",
			"integrity": "sha512-YgvUTfwqyc7UXVMrB+SImsVYSmTS8X/tSrtdNZMImM+n7+QTriRXyXim0mBrTXNeqzVF0KWGgHPeiyViFFrNDw==",
			"dev": true,
			"license": "BlueOak-1.0.0",
			"engines": {
				"node": ">=18"
			}
		},
		"node_modules/tslib": {
			"version": "2.3.1",
			"resolved": "https://registry.npmjs.org/tslib/-/tslib-2.3.1.tgz",
			"integrity": "sha512-77EbyPPpMz+FRFRuAFlWMtmgUWGe9UOG2Z25NqCwiIjRhOf5iKGuzSe5P2w1laq+FkRy4p+PCuVkJSGkzTEKVw==",
			"dev": true
		},
		"node_modules/util-deprecate": {
			"version": "1.0.2",
			"resolved": "https://registry.npmjs.org/util-deprecate/-/util-deprecate-1.0.2.tgz",
			"integrity": "sha512-EPD5q1uXyFxJpCrLnCc1nHnq3gOa6DZBocAIiI2TaSCA7VCJ1UJDMagCzIkXNsUYfD1daK//LTEQ8xiIbrHtcw==",
			"dev": true,
			"license": "MIT"
		}
	}
}
